// !$*UTF8*$!
{
	archiveVersion = 1;
	classes = {
	};
	objectVersion = 50;
	objects = {

/* Begin PBXBuildFile section */
		F7AE1683245AA9B60039D899 /* WZNetwork.framework in Frameworks */ = {isa = PBXBuildFile; fileRef = F7AE1679245AA9B60039D899 /* WZNetwork.framework */; };
		F7AE1688245AA9B60039D899 /* WZNetworkTests.swift in Sources */ = {isa = PBXBuildFile; fileRef = F7AE1687245AA9B60039D899 /* WZNetworkTests.swift */; };
		F7AE168A245AA9B60039D899 /* WZNetwork.h in Headers */ = {isa = PBXBuildFile; fileRef = F7AE167C245AA9B60039D899 /* WZNetwork.h */; settings = {ATTRIBUTES = (Public, ); }; };
		F7AE1694245AAAD60039D899 /* JSONParameterEncoder.swift in Sources */ = {isa = PBXBuildFile; fileRef = F7AE1693245AAAD60039D899 /* JSONParameterEncoder.swift */; };
		F7AE1696245AAC1D0039D899 /* ParameterEncoding.swift in Sources */ = {isa = PBXBuildFile; fileRef = F7AE1695245AAC1D0039D899 /* ParameterEncoding.swift */; };
		F7AE1698245AAC420039D899 /* URLParameterEncoding.swift in Sources */ = {isa = PBXBuildFile; fileRef = F7AE1697245AAC420039D899 /* URLParameterEncoding.swift */; };
		F7AE169B245AAEB20039D899 /* Request.swift in Sources */ = {isa = PBXBuildFile; fileRef = F7AE169A245AAEB20039D899 /* Request.swift */; };
		F7AE169D245AAF3A0039D899 /* HTTPMethod.swift in Sources */ = {isa = PBXBuildFile; fileRef = F7AE169C245AAF3A0039D899 /* HTTPMethod.swift */; };
		F7AE16A0245AAF830039D899 /* HTTPTask.swift in Sources */ = {isa = PBXBuildFile; fileRef = F7AE169F245AAF830039D899 /* HTTPTask.swift */; };
		F7AE16A2245AAFC40039D899 /* NetworkLogger.swift in Sources */ = {isa = PBXBuildFile; fileRef = F7AE16A1245AAFC40039D899 /* NetworkLogger.swift */; };
		F7AE16A4245AB0E10039D899 /* NetworkRouter.swift in Sources */ = {isa = PBXBuildFile; fileRef = F7AE16A3245AB0E10039D899 /* NetworkRouter.swift */; };
		F7AE16A6245AB1790039D899 /* RequestEndPoints.swift in Sources */ = {isa = PBXBuildFile; fileRef = F7AE16A5245AB1790039D899 /* RequestEndPoints.swift */; };
		F7AE16A9245AB2C80039D899 /* ServiceManager.swift in Sources */ = {isa = PBXBuildFile; fileRef = F7AE16A8245AB2C80039D899 /* ServiceManager.swift */; };
		F7AE16AB245AB7680039D899 /* String+HtmlDecoded.swift in Sources */ = {isa = PBXBuildFile; fileRef = F7AE16AA245AB7680039D899 /* String+HtmlDecoded.swift */; };
		F7AE16AD245AB8F40039D899 /* ThirdPartyServiceError.swift in Sources */ = {isa = PBXBuildFile; fileRef = F7AE16AC245AB8F40039D899 /* ThirdPartyServiceError.swift */; };
/* End PBXBuildFile section */

/* Begin PBXContainerItemProxy section */
		F7AE1684245AA9B60039D899 /* PBXContainerItemProxy */ = {
			isa = PBXContainerItemProxy;
			containerPortal = F7AE1670245AA9B60039D899 /* Project object */;
			proxyType = 1;
			remoteGlobalIDString = F7AE1678245AA9B60039D899;
			remoteInfo = WZNetwork;
		};
/* End PBXContainerItemProxy section */

/* Begin PBXFileReference section */
		F7AE1679245AA9B60039D899 /* WZNetwork.framework */ = {isa = PBXFileReference; explicitFileType = wrapper.framework; includeInIndex = 0; path = WZNetwork.framework; sourceTree = BUILT_PRODUCTS_DIR; };
		F7AE167C245AA9B60039D899 /* WZNetwork.h */ = {isa = PBXFileReference; lastKnownFileType = sourcecode.c.h; path = WZNetwork.h; sourceTree = "<group>"; };
		F7AE167D245AA9B60039D899 /* Info.plist */ = {isa = PBXFileReference; lastKnownFileType = text.plist.xml; path = Info.plist; sourceTree = "<group>"; };
		F7AE1682245AA9B60039D899 /* WZNetworkTests.xctest */ = {isa = PBXFileReference; explicitFileType = wrapper.cfbundle; includeInIndex = 0; path = WZNetworkTests.xctest; sourceTree = BUILT_PRODUCTS_DIR; };
		F7AE1687245AA9B60039D899 /* WZNetworkTests.swift */ = {isa = PBXFileReference; lastKnownFileType = sourcecode.swift; path = WZNetworkTests.swift; sourceTree = "<group>"; };
		F7AE1689245AA9B60039D899 /* Info.plist */ = {isa = PBXFileReference; lastKnownFileType = text.plist.xml; path = Info.plist; sourceTree = "<group>"; };
		F7AE1693245AAAD60039D899 /* JSONParameterEncoder.swift */ = {isa = PBXFileReference; lastKnownFileType = sourcecode.swift; path = JSONParameterEncoder.swift; sourceTree = "<group>"; };
		F7AE1695245AAC1D0039D899 /* ParameterEncoding.swift */ = {isa = PBXFileReference; lastKnownFileType = sourcecode.swift; path = ParameterEncoding.swift; sourceTree = "<group>"; };
		F7AE1697245AAC420039D899 /* URLParameterEncoding.swift */ = {isa = PBXFileReference; lastKnownFileType = sourcecode.swift; path = URLParameterEncoding.swift; sourceTree = "<group>"; };
		F7AE169A245AAEB20039D899 /* Request.swift */ = {isa = PBXFileReference; lastKnownFileType = sourcecode.swift; path = Request.swift; sourceTree = "<group>"; };
		F7AE169C245AAF3A0039D899 /* HTTPMethod.swift */ = {isa = PBXFileReference; lastKnownFileType = sourcecode.swift; path = HTTPMethod.swift; sourceTree = "<group>"; };
		F7AE169F245AAF830039D899 /* HTTPTask.swift */ = {isa = PBXFileReference; lastKnownFileType = sourcecode.swift; path = HTTPTask.swift; sourceTree = "<group>"; };
		F7AE16A1245AAFC40039D899 /* NetworkLogger.swift */ = {isa = PBXFileReference; lastKnownFileType = sourcecode.swift; path = NetworkLogger.swift; sourceTree = "<group>"; };
		F7AE16A3245AB0E10039D899 /* NetworkRouter.swift */ = {isa = PBXFileReference; lastKnownFileType = sourcecode.swift; path = NetworkRouter.swift; sourceTree = "<group>"; };
		F7AE16A5245AB1790039D899 /* RequestEndPoints.swift */ = {isa = PBXFileReference; lastKnownFileType = sourcecode.swift; path = RequestEndPoints.swift; sourceTree = "<group>"; };
		F7AE16A8245AB2C80039D899 /* ServiceManager.swift */ = {isa = PBXFileReference; lastKnownFileType = sourcecode.swift; path = ServiceManager.swift; sourceTree = "<group>"; };
		F7AE16AA245AB7680039D899 /* String+HtmlDecoded.swift */ = {isa = PBXFileReference; lastKnownFileType = sourcecode.swift; path = "String+HtmlDecoded.swift"; sourceTree = "<group>"; };
		F7AE16AC245AB8F40039D899 /* ThirdPartyServiceError.swift */ = {isa = PBXFileReference; lastKnownFileType = sourcecode.swift; path = ThirdPartyServiceError.swift; sourceTree = "<group>"; };
/* End PBXFileReference section */

/* Begin PBXFrameworksBuildPhase section */
		F7AE1676245AA9B60039D899 /* Frameworks */ = {
			isa = PBXFrameworksBuildPhase;
			buildActionMask = 2147483647;
			files = (
			);
			runOnlyForDeploymentPostprocessing = 0;
		};
		F7AE167F245AA9B60039D899 /* Frameworks */ = {
			isa = PBXFrameworksBuildPhase;
			buildActionMask = 2147483647;
			files = (
				F7AE1683245AA9B60039D899 /* WZNetwork.framework in Frameworks */,
			);
			runOnlyForDeploymentPostprocessing = 0;
		};
/* End PBXFrameworksBuildPhase section */

/* Begin PBXGroup section */
		F7AE166F245AA9B60039D899 = {
			isa = PBXGroup;
			children = (
				F7AE167B245AA9B60039D899 /* WZNetwork */,
				F7AE1686245AA9B60039D899 /* WZNetworkTests */,
				F7AE167A245AA9B60039D899 /* Products */,
			);
			sourceTree = "<group>";
		};
		F7AE167A245AA9B60039D899 /* Products */ = {
			isa = PBXGroup;
			children = (
				F7AE1679245AA9B60039D899 /* WZNetwork.framework */,
				F7AE1682245AA9B60039D899 /* WZNetworkTests.xctest */,
			);
			name = Products;
			sourceTree = "<group>";
		};
		F7AE167B245AA9B60039D899 /* WZNetwork */ = {
			isa = PBXGroup;
			children = (
				F7AE167C245AA9B60039D899 /* WZNetwork.h */,
				F7AE167D245AA9B60039D899 /* Info.plist */,
				F7AE1699245AAD940039D899 /* Encoding */,
				F7AE169E245AAF560039D899 /* Request */,
				F7AE16A7245AB1B30039D899 /* Service */,
				F7AE16A8245AB2C80039D899 /* ServiceManager.swift */,
				F7AE16AA245AB7680039D899 /* String+HtmlDecoded.swift */,
				F7AE16AC245AB8F40039D899 /* ThirdPartyServiceError.swift */,
			);
			path = WZNetwork;
			sourceTree = "<group>";
		};
		F7AE1686245AA9B60039D899 /* WZNetworkTests */ = {
			isa = PBXGroup;
			children = (
				F7AE1687245AA9B60039D899 /* WZNetworkTests.swift */,
				F7AE1689245AA9B60039D899 /* Info.plist */,
			);
			path = WZNetworkTests;
			sourceTree = "<group>";
		};
		F7AE1699245AAD940039D899 /* Encoding */ = {
			isa = PBXGroup;
			children = (
				F7AE1693245AAAD60039D899 /* JSONParameterEncoder.swift */,
				F7AE1695245AAC1D0039D899 /* ParameterEncoding.swift */,
				F7AE1697245AAC420039D899 /* URLParameterEncoding.swift */,
			);
			path = Encoding;
			sourceTree = "<group>";
		};
		F7AE169E245AAF560039D899 /* Request */ = {
			isa = PBXGroup;
			children = (
				F7AE169A245AAEB20039D899 /* Request.swift */,
			);
			path = Request;
			sourceTree = "<group>";
		};
		F7AE16A7245AB1B30039D899 /* Service */ = {
			isa = PBXGroup;
			children = (
				F7AE169C245AAF3A0039D899 /* HTTPMethod.swift */,
				F7AE169F245AAF830039D899 /* HTTPTask.swift */,
				F7AE16A1245AAFC40039D899 /* NetworkLogger.swift */,
				F7AE16A3245AB0E10039D899 /* NetworkRouter.swift */,
				F7AE16A5245AB1790039D899 /* RequestEndPoints.swift */,
			);
			path = Service;
			sourceTree = "<group>";
		};
/* End PBXGroup section */

/* Begin PBXHeadersBuildPhase section */
		F7AE1674245AA9B60039D899 /* Headers */ = {
			isa = PBXHeadersBuildPhase;
			buildActionMask = 2147483647;
			files = (
				F7AE168A245AA9B60039D899 /* WZNetwork.h in Headers */,
			);
			runOnlyForDeploymentPostprocessing = 0;
		};
/* End PBXHeadersBuildPhase section */

/* Begin PBXNativeTarget section */
		F7AE1678245AA9B60039D899 /* WZNetwork */ = {
			isa = PBXNativeTarget;
			buildConfigurationList = F7AE168D245AA9B60039D899 /* Build configuration list for PBXNativeTarget "WZNetwork" */;
			buildPhases = (
				F7AE1674245AA9B60039D899 /* Headers */,
				F7AE1675245AA9B60039D899 /* Sources */,
				F7AE1676245AA9B60039D899 /* Frameworks */,
				F7AE1677245AA9B60039D899 /* Resources */,
			);
			buildRules = (
			);
			dependencies = (
			);
			name = WZNetwork;
			productName = WZNetwork;
			productReference = F7AE1679245AA9B60039D899 /* WZNetwork.framework */;
			productType = "com.apple.product-type.framework";
		};
		F7AE1681245AA9B60039D899 /* WZNetworkTests */ = {
			isa = PBXNativeTarget;
			buildConfigurationList = F7AE1690245AA9B60039D899 /* Build configuration list for PBXNativeTarget "WZNetworkTests" */;
			buildPhases = (
				F7AE167E245AA9B60039D899 /* Sources */,
				F7AE167F245AA9B60039D899 /* Frameworks */,
				F7AE1680245AA9B60039D899 /* Resources */,
			);
			buildRules = (
			);
			dependencies = (
				F7AE1685245AA9B60039D899 /* PBXTargetDependency */,
			);
			name = WZNetworkTests;
			productName = WZNetworkTests;
			productReference = F7AE1682245AA9B60039D899 /* WZNetworkTests.xctest */;
			productType = "com.apple.product-type.bundle.unit-test";
		};
/* End PBXNativeTarget section */

/* Begin PBXProject section */
		F7AE1670245AA9B60039D899 /* Project object */ = {
			isa = PBXProject;
			attributes = {
				LastSwiftUpdateCheck = 1130;
				LastUpgradeCheck = 1130;
				ORGANIZATIONNAME = WZ;
				TargetAttributes = {
					F7AE1678245AA9B60039D899 = {
						CreatedOnToolsVersion = 11.3.1;
						LastSwiftMigration = 1130;
					};
					F7AE1681245AA9B60039D899 = {
						CreatedOnToolsVersion = 11.3.1;
					};
				};
			};
			buildConfigurationList = F7AE1673245AA9B60039D899 /* Build configuration list for PBXProject "WZNetwork" */;
			compatibilityVersion = "Xcode 9.3";
			developmentRegion = en;
			hasScannedForEncodings = 0;
			knownRegions = (
				en,
				Base,
			);
			mainGroup = F7AE166F245AA9B60039D899;
			productRefGroup = F7AE167A245AA9B60039D899 /* Products */;
			projectDirPath = "";
			projectRoot = "";
			targets = (
				F7AE1678245AA9B60039D899 /* WZNetwork */,
				F7AE1681245AA9B60039D899 /* WZNetworkTests */,
			);
		};
/* End PBXProject section */

/* Begin PBXResourcesBuildPhase section */
		F7AE1677245AA9B60039D899 /* Resources */ = {
			isa = PBXResourcesBuildPhase;
			buildActionMask = 2147483647;
			files = (
			);
			runOnlyForDeploymentPostprocessing = 0;
		};
		F7AE1680245AA9B60039D899 /* Resources */ = {
			isa = PBXResourcesBuildPhase;
			buildActionMask = 2147483647;
			files = (
			);
			runOnlyForDeploymentPostprocessing = 0;
		};
/* End PBXResourcesBuildPhase section */

/* Begin PBXSourcesBuildPhase section */
		F7AE1675245AA9B60039D899 /* Sources */ = {
			isa = PBXSourcesBuildPhase;
			buildActionMask = 2147483647;
			files = (
				F7AE16A2245AAFC40039D899 /* NetworkLogger.swift in Sources */,
				F7AE16AD245AB8F40039D899 /* ThirdPartyServiceError.swift in Sources */,
				F7AE16A4245AB0E10039D899 /* NetworkRouter.swift in Sources */,
				F7AE16A6245AB1790039D899 /* RequestEndPoints.swift in Sources */,
				F7AE16AB245AB7680039D899 /* String+HtmlDecoded.swift in Sources */,
				F7AE16A0245AAF830039D899 /* HTTPTask.swift in Sources */,
				F7AE1696245AAC1D0039D899 /* ParameterEncoding.swift in Sources */,
				F7AE169B245AAEB20039D899 /* Request.swift in Sources */,
				F7AE1698245AAC420039D899 /* URLParameterEncoding.swift in Sources */,
				F7AE169D245AAF3A0039D899 /* HTTPMethod.swift in Sources */,
				F7AE1694245AAAD60039D899 /* JSONParameterEncoder.swift in Sources */,
				F7AE16A9245AB2C80039D899 /* ServiceManager.swift in Sources */,
			);
			runOnlyForDeploymentPostprocessing = 0;
		};
		F7AE167E245AA9B60039D899 /* Sources */ = {
			isa = PBXSourcesBuildPhase;
			buildActionMask = 2147483647;
			files = (
				F7AE1688245AA9B60039D899 /* WZNetworkTests.swift in Sources */,
			);
			runOnlyForDeploymentPostprocessing = 0;
		};
/* End PBXSourcesBuildPhase section */

/* Begin PBXTargetDependency section */
		F7AE1685245AA9B60039D899 /* PBXTargetDependency */ = {
			isa = PBXTargetDependency;
			target = F7AE1678245AA9B60039D899 /* WZNetwork */;
			targetProxy = F7AE1684245AA9B60039D899 /* PBXContainerItemProxy */;
		};
/* End PBXTargetDependency section */

/* Begin XCBuildConfiguration section */
		F7AE168B245AA9B60039D899 /* Debug */ = {
			isa = XCBuildConfiguration;
			buildSettings = {
				ALWAYS_SEARCH_USER_PATHS = NO;
				CLANG_ANALYZER_NONNULL = YES;
				CLANG_ANALYZER_NUMBER_OBJECT_CONVERSION = YES_AGGRESSIVE;
				CLANG_CXX_LANGUAGE_STANDARD = "gnu++14";
				CLANG_CXX_LIBRARY = "libc++";
				CLANG_ENABLE_MODULES = YES;
				CLANG_ENABLE_OBJC_ARC = YES;
				CLANG_ENABLE_OBJC_WEAK = YES;
				CLANG_WARN_BLOCK_CAPTURE_AUTORELEASING = YES;
				CLANG_WARN_BOOL_CONVERSION = YES;
				CLANG_WARN_COMMA = YES;
				CLANG_WARN_CONSTANT_CONVERSION = YES;
				CLANG_WARN_DEPRECATED_OBJC_IMPLEMENTATIONS = YES;
				CLANG_WARN_DIRECT_OBJC_ISA_USAGE = YES_ERROR;
				CLANG_WARN_DOCUMENTATION_COMMENTS = YES;
				CLANG_WARN_EMPTY_BODY = YES;
				CLANG_WARN_ENUM_CONVERSION = YES;
				CLANG_WARN_INFINITE_RECURSION = YES;
				CLANG_WARN_INT_CONVERSION = YES;
				CLANG_WARN_NON_LITERAL_NULL_CONVERSION = YES;
				CLANG_WARN_OBJC_IMPLICIT_RETAIN_SELF = YES;
				CLANG_WARN_OBJC_LITERAL_CONVERSION = YES;
				CLANG_WARN_OBJC_ROOT_CLASS = YES_ERROR;
				CLANG_WARN_RANGE_LOOP_ANALYSIS = YES;
				CLANG_WARN_STRICT_PROTOTYPES = YES;
				CLANG_WARN_SUSPICIOUS_MOVE = YES;
				CLANG_WARN_UNGUARDED_AVAILABILITY = YES_AGGRESSIVE;
				CLANG_WARN_UNREACHABLE_CODE = YES;
				CLANG_WARN__DUPLICATE_METHOD_MATCH = YES;
				COPY_PHASE_STRIP = NO;
				CURRENT_PROJECT_VERSION = 1;
				DEBUG_INFORMATION_FORMAT = dwarf;
				ENABLE_STRICT_OBJC_MSGSEND = YES;
				ENABLE_TESTABILITY = YES;
				GCC_C_LANGUAGE_STANDARD = gnu11;
				GCC_DYNAMIC_NO_PIC = NO;
				GCC_NO_COMMON_BLOCKS = YES;
				GCC_OPTIMIZATION_LEVEL = 0;
				GCC_PREPROCESSOR_DEFINITIONS = (
					"DEBUG=1",
					"$(inherited)",
				);
				GCC_WARN_64_TO_32_BIT_CONVERSION = YES;
				GCC_WARN_ABOUT_RETURN_TYPE = YES_ERROR;
				GCC_WARN_UNDECLARED_SELECTOR = YES;
				GCC_WARN_UNINITIALIZED_AUTOS = YES_AGGRESSIVE;
				GCC_WARN_UNUSED_FUNCTION = YES;
				GCC_WARN_UNUSED_VARIABLE = YES;
				IPHONEOS_DEPLOYMENT_TARGET = 13.2;
				MTL_ENABLE_DEBUG_INFO = INCLUDE_SOURCE;
				MTL_FAST_MATH = YES;
				ONLY_ACTIVE_ARCH = YES;
				SDKROOT = iphoneos;
				SWIFT_ACTIVE_COMPILATION_CONDITIONS = DEBUG;
				SWIFT_OPTIMIZATION_LEVEL = "-Onone";
				VERSIONING_SYSTEM = "apple-generic";
				VERSION_INFO_PREFIX = "";
			};
			name = Debug;
		};
		F7AE168C245AA9B60039D899 /* Release */ = {
			isa = XCBuildConfiguration;
			buildSettings = {
				ALWAYS_SEARCH_USER_PATHS = NO;
				CLANG_ANALYZER_NONNULL = YES;
				CLANG_ANALYZER_NUMBER_OBJECT_CONVERSION = YES_AGGRESSIVE;
				CLANG_CXX_LANGUAGE_STANDARD = "gnu++14";
				CLANG_CXX_LIBRARY = "libc++";
				CLANG_ENABLE_MODULES = YES;
				CLANG_ENABLE_OBJC_ARC = YES;
				CLANG_ENABLE_OBJC_WEAK = YES;
				CLANG_WARN_BLOCK_CAPTURE_AUTORELEASING = YES;
				CLANG_WARN_BOOL_CONVERSION = YES;
				CLANG_WARN_COMMA = YES;
				CLANG_WARN_CONSTANT_CONVERSION = YES;
				CLANG_WARN_DEPRECATED_OBJC_IMPLEMENTATIONS = YES;
				CLANG_WARN_DIRECT_OBJC_ISA_USAGE = YES_ERROR;
				CLANG_WARN_DOCUMENTATION_COMMENTS = YES;
				CLANG_WARN_EMPTY_BODY = YES;
				CLANG_WARN_ENUM_CONVERSION = YES;
				CLANG_WARN_INFINITE_RECURSION = YES;
				CLANG_WARN_INT_CONVERSION = YES;
				CLANG_WARN_NON_LITERAL_NULL_CONVERSION = YES;
				CLANG_WARN_OBJC_IMPLICIT_RETAIN_SELF = YES;
				CLANG_WARN_OBJC_LITERAL_CONVERSION = YES;
				CLANG_WARN_OBJC_ROOT_CLASS = YES_ERROR;
				CLANG_WARN_RANGE_LOOP_ANALYSIS = YES;
				CLANG_WARN_STRICT_PROTOTYPES = YES;
				CLANG_WARN_SUSPICIOUS_MOVE = YES;
				CLANG_WARN_UNGUARDED_AVAILABILITY = YES_AGGRESSIVE;
				CLANG_WARN_UNREACHABLE_CODE = YES;
				CLANG_WARN__DUPLICATE_METHOD_MATCH = YES;
				COPY_PHASE_STRIP = NO;
				CURRENT_PROJECT_VERSION = 1;
				DEBUG_INFORMATION_FORMAT = "dwarf-with-dsym";
				ENABLE_NS_ASSERTIONS = NO;
				ENABLE_STRICT_OBJC_MSGSEND = YES;
				GCC_C_LANGUAGE_STANDARD = gnu11;
				GCC_NO_COMMON_BLOCKS = YES;
				GCC_WARN_64_TO_32_BIT_CONVERSION = YES;
				GCC_WARN_ABOUT_RETURN_TYPE = YES_ERROR;
				GCC_WARN_UNDECLARED_SELECTOR = YES;
				GCC_WARN_UNINITIALIZED_AUTOS = YES_AGGRESSIVE;
				GCC_WARN_UNUSED_FUNCTION = YES;
				GCC_WARN_UNUSED_VARIABLE = YES;
				IPHONEOS_DEPLOYMENT_TARGET = 13.2;
				MTL_ENABLE_DEBUG_INFO = NO;
				MTL_FAST_MATH = YES;
				SDKROOT = iphoneos;
				SWIFT_COMPILATION_MODE = wholemodule;
				SWIFT_OPTIMIZATION_LEVEL = "-O";
				VALIDATE_PRODUCT = YES;
				VERSIONING_SYSTEM = "apple-generic";
				VERSION_INFO_PREFIX = "";
			};
			name = Release;
		};
		F7AE168E245AA9B60039D899 /* Debug */ = {
			isa = XCBuildConfiguration;
			buildSettings = {
				CLANG_ENABLE_MODULES = YES;
				CODE_SIGN_STYLE = Automatic;
				DEFINES_MODULE = YES;
				DEVELOPMENT_TEAM = 3LZTEV35AT;
				DYLIB_COMPATIBILITY_VERSION = 1;
				DYLIB_CURRENT_VERSION = 1;
				DYLIB_INSTALL_NAME_BASE = "@rpath";
				INFOPLIST_FILE = WZNetwork/Info.plist;
				INSTALL_PATH = "$(LOCAL_LIBRARY_DIR)/Frameworks";
				LD_RUNPATH_SEARCH_PATHS = (
					"$(inherited)",
					"@executable_path/Frameworks",
					"@loader_path/Frameworks",
				);
				PRODUCT_BUNDLE_IDENTIFIER = com.WZ.WZNetwork;
				PRODUCT_NAME = "$(TARGET_NAME:c99extidentifier)";
				SKIP_INSTALL = YES;
				SUPPORTS_MACCATALYST = NO;
				SWIFT_OPTIMIZATION_LEVEL = "-Onone";
				SWIFT_VERSION = 5.0;
				TARGETED_DEVICE_FAMILY = "1,2";
			};
			name = Debug;
		};
		F7AE168F245AA9B60039D899 /* Release */ = {
			isa = XCBuildConfiguration;
			buildSettings = {
				CLANG_ENABLE_MODULES = YES;
				CODE_SIGN_STYLE = Automatic;
				DEFINES_MODULE = YES;
				DEVELOPMENT_TEAM = 3LZTEV35AT;
				DYLIB_COMPATIBILITY_VERSION = 1;
				DYLIB_CURRENT_VERSION = 1;
				DYLIB_INSTALL_NAME_BASE = "@rpath";
				INFOPLIST_FILE = WZNetwork/Info.plist;
				INSTALL_PATH = "$(LOCAL_LIBRARY_DIR)/Frameworks";
				LD_RUNPATH_SEARCH_PATHS = (
					"$(inherited)",
					"@executable_path/Frameworks",
					"@loader_path/Frameworks",
				);
				PRODUCT_BUNDLE_IDENTIFIER = com.WZ.WZNetwork;
				PRODUCT_NAME = "$(TARGET_NAME:c99extidentifier)";
				SKIP_INSTALL = YES;
				SUPPORTS_MACCATALYST = NO;
				SWIFT_VERSION = 5.0;
				TARGETED_DEVICE_FAMILY = "1,2";
			};
			name = Release;
		};
		F7AE1691245AA9B60039D899 /* Debug */ = {
			isa = XCBuildConfiguration;
			buildSettings = {
				ALWAYS_EMBED_SWIFT_STANDARD_LIBRARIES = YES;
				CODE_SIGN_STYLE = Automatic;
				DEVELOPMENT_TEAM = 3LZTEV35AT;
				INFOPLIST_FILE = WZNetworkTests/Info.plist;
				LD_RUNPATH_SEARCH_PATHS = (
					"$(inherited)",
					"@executable_path/Frameworks",
					"@loader_path/Frameworks",
				);
				PRODUCT_BUNDLE_IDENTIFIER = com.WZ.WZNetworkTests;
				PRODUCT_NAME = "$(TARGET_NAME)";
				SWIFT_VERSION = 5.0;
				TARGETED_DEVICE_FAMILY = "1,2";
			};
			name = Debug;
		};
		F7AE1692245AA9B60039D899 /* Release */ = {
			isa = XCBuildConfiguration;
			buildSettings = {
				ALWAYS_EMBED_SWIFT_STANDARD_LIBRARIES = YES;
				CODE_SIGN_STYLE = Automatic;
				DEVELOPMENT_TEAM = 3LZTEV35AT;
				INFOPLIST_FILE = WZNetworkTests/Info.plist;
				LD_RUNPATH_SEARCH_PATHS = (
					"$(inherited)",
					"@executable_path/Frameworks",
					"@loader_path/Frameworks",
				);
				PRODUCT_BUNDLE_IDENTIFIER = com.WZ.WZNetworkTests;
				PRODUCT_NAME = "$(TARGET_NAME)";
				SWIFT_VERSION = 5.0;
				TARGETED_DEVICE_FAMILY = "1,2";
			};
			name = Release;
		};
/* End XCBuildConfiguration section */

/* Begin XCConfigurationList section */
		F7AE1673245AA9B60039D899 /* Build configuration list for PBXProject "WZNetwork" */ = {
			isa = XCConfigurationList;
			buildConfigurations = (
				F7AE168B245AA9B60039D899 /* Debug */,
				F7AE168C245AA9B60039D899 /* Release */,
			);
			defaultConfigurationIsVisible = 0;
			defaultConfigurationName = Release;
		};
		F7AE168D245AA9B60039D899 /* Build configuration list for PBXNativeTarget "WZNetwork" */ = {
			isa = XCConfigurationList;
			buildConfigurations = (
				F7AE168E245AA9B60039D899 /* Debug */,
				F7AE168F245AA9B60039D899 /* Release */,
			);
			defaultConfigurationIsVisible = 0;
			defaultConfigurationName = Release;
		};
		F7AE1690245AA9B60039D899 /* Build configuration list for PBXNativeTarget "WZNetworkTests" */ = {
			isa = XCConfigurationList;
			buildConfigurations = (
				F7AE1691245AA9B60039D899 /* Debug */,
				F7AE1692245AA9B60039D899 /* Release */,
			);
			defaultConfigurationIsVisible = 0;
			defaultConfigurationName = Release;
		};
/* End XCConfigurationList section */
	};
	rootObject = F7AE1670245AA9B60039D899 /* Project object */;
}
